// !$*UTF8*$!
{
	archiveVersion = 1;
	classes = {
	};
	objectVersion = 46;
	objects = {

/* Begin PBXBuildFile section */
		39C833CB1E1CC61D00656727 /* AppDelegate.swift in Sources */ = {isa = PBXBuildFile; fileRef = 39C833CA1E1CC61D00656727 /* AppDelegate.swift */; };
		39C833CD1E1CC61D00656727 /* ViewController.swift in Sources */ = {isa = PBXBuildFile; fileRef = 39C833CC1E1CC61D00656727 /* ViewController.swift */; };
		39C833D01E1CC61D00656727 /* Main.storyboard in Resources */ = {isa = PBXBuildFile; fileRef = 39C833CE1E1CC61D00656727 /* Main.storyboard */; };
		39C833D21E1CC61D00656727 /* Assets.xcassets in Resources */ = {isa = PBXBuildFile; fileRef = 39C833D11E1CC61D00656727 /* Assets.xcassets */; };
		39C833D51E1CC61D00656727 /* LaunchScreen.storyboard in Resources */ = {isa = PBXBuildFile; fileRef = 39C833D31E1CC61D00656727 /* LaunchScreen.storyboard */; };
		39C833E01E1CC61D00656727 /* HelloTheWorldTests.swift in Sources */ = {isa = PBXBuildFile; fileRef = 39C833DF1E1CC61D00656727 /* HelloTheWorldTests.swift */; };
		39C833EB1E1CC61D00656727 /* HelloTheWorldUITests.swift in Sources */ = {isa = PBXBuildFile; fileRef = 39C833EA1E1CC61D00656727 /* HelloTheWorldUITests.swift */; };
/* End PBXBuildFile section */

/* Begin PBXContainerItemProxy section */
		39C833DC1E1CC61D00656727 /* PBXContainerItemProxy */ = {
			isa = PBXContainerItemProxy;
			containerPortal = 39C833BF1E1CC61C00656727 /* Project object */;
			proxyType = 1;
			remoteGlobalIDString = 39C833C61E1CC61C00656727;
			remoteInfo = HelloTheWorld;
		};
		39C833E71E1CC61D00656727 /* PBXContainerItemProxy */ = {
			isa = PBXContainerItemProxy;
			containerPortal = 39C833BF1E1CC61C00656727 /* Project object */;
			proxyType = 1;
			remoteGlobalIDString = 39C833C61E1CC61C00656727;
			remoteInfo = HelloTheWorld;
		};
/* End PBXContainerItemProxy section */

/* Begin PBXFileReference section */
		39C833C71E1CC61D00656727 /* HelloTheWorld.app */ = {isa = PBXFileReference; explicitFileType = wrapper.application; includeInIndex = 0; path = HelloTheWorld.app; sourceTree = BUILT_PRODUCTS_DIR; };
		39C833CA1E1CC61D00656727 /* AppDelegate.swift */ = {isa = PBXFileReference; lastKnownFileType = sourcecode.swift; path = AppDelegate.swift; sourceTree = "<group>"; };
		39C833CC1E1CC61D00656727 /* ViewController.swift */ = {isa = PBXFileReference; lastKnownFileType = sourcecode.swift; path = ViewController.swift; sourceTree = "<group>"; };
		39C833CF1E1CC61D00656727 /* Base */ = {isa = PBXFileReference; lastKnownFileType = file.storyboard; name = Base; path = Base.lproj/Main.storyboard; sourceTree = "<group>"; };
		39C833D11E1CC61D00656727 /* Assets.xcassets */ = {isa = PBXFileReference; lastKnownFileType = folder.assetcatalog; path = Assets.xcassets; sourceTree = "<group>"; };
		39C833D41E1CC61D00656727 /* Base */ = {isa = PBXFileReference; lastKnownFileType = file.storyboard; name = Base; path = Base.lproj/LaunchScreen.storyboard; sourceTree = "<group>"; };
		39C833D61E1CC61D00656727 /* Info.plist */ = {isa = PBXFileReference; lastKnownFileType = text.plist.xml; path = Info.plist; sourceTree = "<group>"; };
		39C833DB1E1CC61D00656727 /* HelloTheWorldTests.xctest */ = {isa = PBXFileReference; explicitFileType = wrapper.cfbundle; includeInIndex = 0; path = HelloTheWorldTests.xctest; sourceTree = BUILT_PRODUCTS_DIR; };
		39C833DF1E1CC61D00656727 /* HelloTheWorldTests.swift */ = {isa = PBXFileReference; lastKnownFileType = sourcecode.swift; path = HelloTheWorldTests.swift; sourceTree = "<group>"; };
		39C833E11E1CC61D00656727 /* Info.plist */ = {isa = PBXFileReference; lastKnownFileType = text.plist.xml; path = Info.plist; sourceTree = "<group>"; };
		39C833E61E1CC61D00656727 /* HelloTheWorldUITests.xctest */ = {isa = PBXFileReference; explicitFileType = wrapper.cfbundle; includeInIndex = 0; path = HelloTheWorldUITests.xctest; sourceTree = BUILT_PRODUCTS_DIR; };
		39C833EA1E1CC61D00656727 /* HelloTheWorldUITests.swift */ = {isa = PBXFileReference; lastKnownFileType = sourcecode.swift; path = HelloTheWorldUITests.swift; sourceTree = "<group>"; };
		39C833EC1E1CC61D00656727 /* Info.plist */ = {isa = PBXFileReference; lastKnownFileType = text.plist.xml; path = Info.plist; sourceTree = "<group>"; };
/* End PBXFileReference section */

/* Begin PBXFrameworksBuildPhase section */
		39C833C41E1CC61C00656727 /* Frameworks */ = {
			isa = PBXFrameworksBuildPhase;
			buildActionMask = 2147483647;
			files = (
			);
			runOnlyForDeploymentPostprocessing = 0;
		};
		39C833D81E1CC61D00656727 /* Frameworks */ = {
			isa = PBXFrameworksBuildPhase;
			buildActionMask = 2147483647;
			files = (
			);
			runOnlyForDeploymentPostprocessing = 0;
		};
		39C833E31E1CC61D00656727 /* Frameworks */ = {
			isa = PBXFrameworksBuildPhase;
			buildActionMask = 2147483647;
			files = (
			);
			runOnlyForDeploymentPostprocessing = 0;
		};
/* End PBXFrameworksBuildPhase section */

/* Begin PBXGroup section */
		39C833BE1E1CC61C00656727 = {
			isa = PBXGroup;
			children = (
				39C833C91E1CC61D00656727 /* HelloTheWorld */,
				39C833DE1E1CC61D00656727 /* HelloTheWorldTests */,
				39C833E91E1CC61D00656727 /* HelloTheWorldUITests */,
				39C833C81E1CC61D00656727 /* Products */,
			);
			sourceTree = "<group>";
		};
		39C833C81E1CC61D00656727 /* Products */ = {
			isa = PBXGroup;
			children = (
				39C833C71E1CC61D00656727 /* HelloTheWorld.app */,
				39C833DB1E1CC61D00656727 /* HelloTheWorldTests.xctest */,
				39C833E61E1CC61D00656727 /* HelloTheWorldUITests.xctest */,
			);
			name = Products;
			sourceTree = "<group>";
		};
		39C833C91E1CC61D00656727 /* HelloTheWorld */ = {
			isa = PBXGroup;
			children = (
				39C833CA1E1CC61D00656727 /* AppDelegate.swift */,
				39C833CC1E1CC61D00656727 /* ViewController.swift */,
				39C833CE1E1CC61D00656727 /* Main.storyboard */,
				39C833D11E1CC61D00656727 /* Assets.xcassets */,
				39C833D31E1CC61D00656727 /* LaunchScreen.storyboard */,
				39C833D61E1CC61D00656727 /* Info.plist */,
			);
			path = HelloTheWorld;
			sourceTree = "<group>";
		};
		39C833DE1E1CC61D00656727 /* HelloTheWorldTests */ = {
			isa = PBXGroup;
			children = (
				39C833DF1E1CC61D00656727 /* HelloTheWorldTests.swift */,
				39C833E11E1CC61D00656727 /* Info.plist */,
			);
			path = HelloTheWorldTests;
			sourceTree = "<group>";
		};
		39C833E91E1CC61D00656727 /* HelloTheWorldUITests */ = {
			isa = PBXGroup;
			children = (
				39C833EA1E1CC61D00656727 /* HelloTheWorldUITests.swift */,
				39C833EC1E1CC61D00656727 /* Info.plist */,
			);
			path = HelloTheWorldUITests;
			sourceTree = "<group>";
		};
/* End PBXGroup section */

/* Begin PBXNativeTarget section */
		39C833C61E1CC61C00656727 /* HelloTheWorld */ = {
			isa = PBXNativeTarget;
			buildConfigurationList = 39C833EF1E1CC61D00656727 /* Build configuration list for PBXNativeTarget "HelloTheWorld" */;
			buildPhases = (
				39C833C31E1CC61C00656727 /* Sources */,
				39C833C41E1CC61C00656727 /* Frameworks */,
				39C833C51E1CC61C00656727 /* Resources */,
			);
			buildRules = (
			);
			dependencies = (
			);
			name = HelloTheWorld;
			productName = HelloTheWorld;
			productReference = 39C833C71E1CC61D00656727 /* HelloTheWorld.app */;
			productType = "com.apple.product-type.application";
		};
		39C833DA1E1CC61D00656727 /* HelloTheWorldTests */ = {
			isa = PBXNativeTarget;
			buildConfigurationList = 39C833F21E1CC61D00656727 /* Build configuration list for PBXNativeTarget "HelloTheWorldTests" */;
			buildPhases = (
				39C833D71E1CC61D00656727 /* Sources */,
				39C833D81E1CC61D00656727 /* Frameworks */,
				39C833D91E1CC61D00656727 /* Resources */,
			);
			buildRules = (
			);
			dependencies = (
				39C833DD1E1CC61D00656727 /* PBXTargetDependency */,
			);
			name = HelloTheWorldTests;
			productName = HelloTheWorldTests;
			productReference = 39C833DB1E1CC61D00656727 /* HelloTheWorldTests.xctest */;
			productType = "com.apple.product-type.bundle.unit-test";
		};
		39C833E51E1CC61D00656727 /* HelloTheWorldUITests */ = {
			isa = PBXNativeTarget;
			buildConfigurationList = 39C833F51E1CC61D00656727 /* Build configuration list for PBXNativeTarget "HelloTheWorldUITests" */;
			buildPhases = (
				39C833E21E1CC61D00656727 /* Sources */,
				39C833E31E1CC61D00656727 /* Frameworks */,
				39C833E41E1CC61D00656727 /* Resources */,
			);
			buildRules = (
			);
			dependencies = (
				39C833E81E1CC61D00656727 /* PBXTargetDependency */,
			);
			name = HelloTheWorldUITests;
			productName = HelloTheWorldUITests;
			productReference = 39C833E61E1CC61D00656727 /* HelloTheWorldUITests.xctest */;
			productType = "com.apple.product-type.bundle.ui-testing";
		};
/* End PBXNativeTarget section */

/* Begin PBXProject section */
		39C833BF1E1CC61C00656727 /* Project object */ = {
			isa = PBXProject;
			attributes = {
				LastSwiftUpdateCheck = 0820;
				LastUpgradeCheck = 0820;
				ORGANIZATIONNAME = JAK;
				TargetAttributes = {
					39C833C61E1CC61C00656727 = {
						CreatedOnToolsVersion = 8.2.1;
						DevelopmentTeam = Q5544RY7GG;
						ProvisioningStyle = Automatic;
					};
					39C833DA1E1CC61D00656727 = {
						CreatedOnToolsVersion = 8.2.1;
						DevelopmentTeam = Q5544RY7GG;
						ProvisioningStyle = Automatic;
						TestTargetID = 39C833C61E1CC61C00656727;
					};
					39C833E51E1CC61D00656727 = {
						CreatedOnToolsVersion = 8.2.1;
						DevelopmentTeam = Q5544RY7GG;
						ProvisioningStyle = Automatic;
						TestTargetID = 39C833C61E1CC61C00656727;
					};
				};
			};
			buildConfigurationList = 39C833C21E1CC61C00656727 /* Build configuration list for PBXProject "HelloTheWorld" */;
			compatibilityVersion = "Xcode 3.2";
			developmentRegion = English;
			hasScannedForEncodings = 0;
			knownRegions = (
				en,
				Base,
			);
			mainGroup = 39C833BE1E1CC61C00656727;
			productRefGroup = 39C833C81E1CC61D00656727 /* Products */;
			projectDirPath = "";
			projectRoot = "";
			targets = (
				39C833C61E1CC61C00656727 /* HelloTheWorld */,
				39C833DA1E1CC61D00656727 /* HelloTheWorldTests */,
				39C833E51E1CC61D00656727 /* HelloTheWorldUITests */,
			);
		};
/* End PBXProject section */

/* Begin PBXResourcesBuildPhase section */
		39C833C51E1CC61C00656727 /* Resources */ = {
			isa = PBXResourcesBuildPhase;
			buildActionMask = 2147483647;
			files = (
				39C833D51E1CC61D00656727 /* LaunchScreen.storyboard in Resources */,
				39C833D21E1CC61D00656727 /* Assets.xcassets in Resources */,
				39C833D01E1CC61D00656727 /* Main.storyboard in Resources */,
			);
			runOnlyForDeploymentPostprocessing = 0;
		};
		39C833D91E1CC61D00656727 /* Resources */ = {
			isa = PBXResourcesBuildPhase;
			buildActionMask = 2147483647;
			files = (
			);
			runOnlyForDeploymentPostprocessing = 0;
		};
		39C833E41E1CC61D00656727 /* Resources */ = {
			isa = PBXResourcesBuildPhase;
			buildActionMask = 2147483647;
			files = (
			);
			runOnlyForDeploymentPostprocessing = 0;
		};
/* End PBXResourcesBuildPhase section */

/* Begin PBXSourcesBuildPhase section */
		39C833C31E1CC61C00656727 /* Sources */ = {
			isa = PBXSourcesBuildPhase;
			buildActionMask = 2147483647;
			files = (
				39C833CD1E1CC61D00656727 /* ViewController.swift in Sources */,
				39C833CB1E1CC61D00656727 /* AppDelegate.swift in Sources */,
			);
			runOnlyForDeploymentPostprocessing = 0;
		};
		39C833D71E1CC61D00656727 /* Sources */ = {
			isa = PBXSourcesBuildPhase;
			buildActionMask = 2147483647;
			files = (
				39C833E01E1CC61D00656727 /* HelloTheWorldTests.swift in Sources */,
			);
			runOnlyForDeploymentPostprocessing = 0;
		};
		39C833E21E1CC61D00656727 /* Sources */ = {
			isa = PBXSourcesBuildPhase;
			buildActionMask = 2147483647;
			files = (
				39C833EB1E1CC61D00656727 /* HelloTheWorldUITests.swift in Sources */,
			);
			runOnlyForDeploymentPostprocessing = 0;
		};
/* End PBXSourcesBuildPhase section */

/* Begin PBXTargetDependency section */
		39C833DD1E1CC61D00656727 /* PBXTargetDependency */ = {
			isa = PBXTargetDependency;
			target = 39C833C61E1CC61C00656727 /* HelloTheWorld */;
			targetProxy = 39C833DC1E1CC61D00656727 /* PBXContainerItemProxy */;
		};
		39C833E81E1CC61D00656727 /* PBXTargetDependency */ = {
			isa = PBXTargetDependency;
			target = 39C833C61E1CC61C00656727 /* HelloTheWorld */;
			targetProxy = 39C833E71E1CC61D00656727 /* PBXContainerItemProxy */;
		};
/* End PBXTargetDependency section */

/* Begin PBXVariantGroup section */
		39C833CE1E1CC61D00656727 /* Main.storyboard */ = {
			isa = PBXVariantGroup;
			children = (
				39C833CF1E1CC61D00656727 /* Base */,
			);
			name = Main.storyboard;
			sourceTree = "<group>";
		};
		39C833D31E1CC61D00656727 /* LaunchScreen.storyboard */ = {
			isa = PBXVariantGroup;
			children = (
				39C833D41E1CC61D00656727 /* Base */,
			);
			name = LaunchScreen.storyboard;
			sourceTree = "<group>";
		};
/* End PBXVariantGroup section */

/* Begin XCBuildConfiguration section */
		39C833ED1E1CC61D00656727 /* Debug */ = {
			isa = XCBuildConfiguration;
			buildSettings = {
				ALWAYS_SEARCH_USER_PATHS = NO;
				CLANG_ANALYZER_NONNULL = YES;
				CLANG_CXX_LANGUAGE_STANDARD = "gnu++0x";
				CLANG_CXX_LIBRARY = "libc++";
				CLANG_ENABLE_MODULES = YES;
				CLANG_ENABLE_OBJC_ARC = YES;
				CLANG_WARN_BOOL_CONVERSION = YES;
				CLANG_WARN_CONSTANT_CONVERSION = YES;
				CLANG_WARN_DIRECT_OBJC_ISA_USAGE = YES_ERROR;
				CLANG_WARN_DOCUMENTATION_COMMENTS = YES;
				CLANG_WARN_EMPTY_BODY = YES;
				CLANG_WARN_ENUM_CONVERSION = YES;
				CLANG_WARN_INFINITE_RECURSION = YES;
				CLANG_WARN_INT_CONVERSION = YES;
				CLANG_WARN_OBJC_ROOT_CLASS = YES_ERROR;
				CLANG_WARN_SUSPICIOUS_MOVE = YES;
				CLANG_WARN_UNREACHABLE_CODE = YES;
				CLANG_WARN__DUPLICATE_METHOD_MATCH = YES;
				"CODE_SIGN_IDENTITY[sdk=iphoneos*]" = "iPhone Developer";
				COPY_PHASE_STRIP = NO;
				DEBUG_INFORMATION_FORMAT = dwarf;
				ENABLE_STRICT_OBJC_MSGSEND = YES;
				ENABLE_TESTABILITY = YES;
				GCC_C_LANGUAGE_STANDARD = gnu99;
				GCC_DYNAMIC_NO_PIC = NO;
				GCC_NO_COMMON_BLOCKS = YES;
				GCC_OPTIMIZATION_LEVEL = 0;
				GCC_PREPROCESSOR_DEFINITIONS = (
					"DEBUG=1",
					"$(inherited)",
				);
				GCC_WARN_64_TO_32_BIT_CONVERSION = YES;
				GCC_WARN_ABOUT_RETURN_TYPE = YES_ERROR;
				GCC_WARN_UNDECLARED_SELECTOR = YES;
				GCC_WARN_UNINITIALIZED_AUTOS = YES_AGGRESSIVE;
				GCC_WARN_UNUSED_FUNCTION = YES;
				GCC_WARN_UNUSED_VARIABLE = YES;
				IPHONEOS_DEPLOYMENT_TARGET = 10.2;
				MTL_ENABLE_DEBUG_INFO = YES;
				ONLY_ACTIVE_ARCH = YES;
				SDKROOT = iphoneos;
				SWIFT_ACTIVE_COMPILATION_CONDITIONS = DEBUG;
				SWIFT_OPTIMIZATION_LEVEL = "-Onone";
				TARGETED_DEVICE_FAMILY = "1,2";
			};
			name = Debug;
		};
		39C833EE1E1CC61D00656727 /* Release */ = {
			isa = XCBuildConfiguration;
			buildSettings = {
				ALWAYS_SEARCH_USER_PATHS = NO;
				CLANG_ANALYZER_NONNULL = YES;
				CLANG_CXX_LANGUAGE_STANDARD = "gnu++0x";
				CLANG_CXX_LIBRARY = "libc++";
				CLANG_ENABLE_MODULES = YES;
				CLANG_ENABLE_OBJC_ARC = YES;
				CLANG_WARN_BOOL_CONVERSION = YES;
				CLANG_WARN_CONSTANT_CONVERSION = YES;
				CLANG_WARN_DIRECT_OBJC_ISA_USAGE = YES_ERROR;
				CLANG_WARN_DOCUMENTATION_COMMENTS = YES;
				CLANG_WARN_EMPTY_BODY = YES;
				CLANG_WARN_ENUM_CONVERSION = YES;
				CLANG_WARN_INFINITE_RECURSION = YES;
				CLANG_WARN_INT_CONVERSION = YES;
				CLANG_WARN_OBJC_ROOT_CLASS = YES_ERROR;
				CLANG_WARN_SUSPICIOUS_MOVE = YES;
				CLANG_WARN_UNREACHABLE_CODE = YES;
				CLANG_WARN__DUPLICATE_METHOD_MATCH = YES;
				"CODE_SIGN_IDENTITY[sdk=iphoneos*]" = "iPhone Developer";
				COPY_PHASE_STRIP = NO;
				DEBUG_INFORMATION_FORMAT = "dwarf-with-dsym";
				ENABLE_NS_ASSERTIONS = NO;
				ENABLE_STRICT_OBJC_MSGSEND = YES;
				GCC_C_LANGUAGE_STANDARD = gnu99;
				GCC_NO_COMMON_BLOCKS = YES;
				GCC_WARN_64_TO_32_BIT_CONVERSION = YES;
				GCC_WARN_ABOUT_RETURN_TYPE = YES_ERROR;
				GCC_WARN_UNDECLARED_SELECTOR = YES;
				GCC_WARN_UNINITIALIZED_AUTOS = YES_AGGRESSIVE;
				GCC_WARN_UNUSED_FUNCTION = YES;
				GCC_WARN_UNUSED_VARIABLE = YES;
				IPHONEOS_DEPLOYMENT_TARGET = 10.2;
				MTL_ENABLE_DEBUG_INFO = NO;
				SDKROOT = iphoneos;
				SWIFT_OPTIMIZATION_LEVEL = "-Owholemodule";
				TARGETED_DEVICE_FAMILY = "1,2";
				VALIDATE_PRODUCT = YES;
			};
			name = Release;
		};
		39C833F01E1CC61D00656727 /* Debug */ = {
			isa = XCBuildConfiguration;
			buildSettings = {
				ASSETCATALOG_COMPILER_APPICON_NAME = AppIcon;
				DEVELOPMENT_TEAM = Q5544RY7GG;
				INFOPLIST_FILE = HelloTheWorld/Info.plist;
				LD_RUNPATH_SEARCH_PATHS = "$(inherited) @executable_path/Frameworks";
				PRODUCT_BUNDLE_IDENTIFIER = app.HelloTheWorld;
				PRODUCT_NAME = "$(TARGET_NAME)";
				SWIFT_VERSION = 3.0;
			};
			name = Debug;
		};
		39C833F11E1CC61D00656727 /* Release */ = {
			isa = XCBuildConfiguration;
			buildSettings = {
				ASSETCATALOG_COMPILER_APPICON_NAME = AppIcon;
				DEVELOPMENT_TEAM = Q5544RY7GG;
				INFOPLIST_FILE = HelloTheWorld/Info.plist;
				LD_RUNPATH_SEARCH_PATHS = "$(inherited) @executable_path/Frameworks";
				PRODUCT_BUNDLE_IDENTIFIER = app.HelloTheWorld;
				PRODUCT_NAME = "$(TARGET_NAME)";
				SWIFT_VERSION = 3.0;
			};
			name = Release;
		};
		39C833F31E1CC61D00656727 /* Debug */ = {
			isa = XCBuildConfiguration;
			buildSettings = {
				ALWAYS_EMBED_SWIFT_STANDARD_LIBRARIES = YES;
				BUNDLE_LOADER = "$(TEST_HOST)";
				DEVELOPMENT_TEAM = Q5544RY7GG;
				INFOPLIST_FILE = HelloTheWorldTests/Info.plist;
				LD_RUNPATH_SEARCH_PATHS = "$(inherited) @executable_path/Frameworks @loader_path/Frameworks";
				PRODUCT_BUNDLE_IDENTIFIER = app.HelloTheWorldTests;
				PRODUCT_NAME = "$(TARGET_NAME)";
				SWIFT_VERSION = 3.0;
				TEST_HOST = "$(BUILT_PRODUCTS_DIR)/HelloTheWorld.app/HelloTheWorld";
			};
			name = Debug;
		};
		39C833F41E1CC61D00656727 /* Release */ = {
			isa = XCBuildConfiguration;
			buildSettings = {
				ALWAYS_EMBED_SWIFT_STANDARD_LIBRARIES = YES;
				BUNDLE_LOADER = "$(TEST_HOST)";
				DEVELOPMENT_TEAM = Q5544RY7GG;
				INFOPLIST_FILE = HelloTheWorldTests/Info.plist;
				LD_RUNPATH_SEARCH_PATHS = "$(inherited) @executable_path/Frameworks @loader_path/Frameworks";
				PRODUCT_BUNDLE_IDENTIFIER = app.HelloTheWorldTests;
				PRODUCT_NAME = "$(TARGET_NAME)";
				SWIFT_VERSION = 3.0;
				TEST_HOST = "$(BUILT_PRODUCTS_DIR)/HelloTheWorld.app/HelloTheWorld";
			};
			name = Release;
		};
		39C833F61E1CC61D00656727 /* Debug */ = {
			isa = XCBuildConfiguration;
			buildSettings = {
				ALWAYS_EMBED_SWIFT_STANDARD_LIBRARIES = YES;
				DEVELOPMENT_TEAM = Q5544RY7GG;
				INFOPLIST_FILE = HelloTheWorldUITests/Info.plist;
				LD_RUNPATH_SEARCH_PATHS = "$(inherited) @executable_path/Frameworks @loader_path/Frameworks";
				PRODUCT_BUNDLE_IDENTIFIER = app.HelloTheWorldUITests;
				PRODUCT_NAME = "$(TARGET_NAME)";
				SWIFT_VERSION = 3.0;
				TEST_TARGET_NAME = HelloTheWorld;
			};
			name = Debug;
		};
		39C833F71E1CC61D00656727 /* Release */ = {
			isa = XCBuildConfiguration;
			buildSettings = {
				ALWAYS_EMBED_SWIFT_STANDARD_LIBRARIES = YES;
				DEVELOPMENT_TEAM = Q5544RY7GG;
				INFOPLIST_FILE = HelloTheWorldUITests/Info.plist;
				LD_RUNPATH_SEARCH_PATHS = "$(inherited) @executable_path/Frameworks @loader_path/Frameworks";
				PRODUCT_BUNDLE_IDENTIFIER = app.HelloTheWorldUITests;
				PRODUCT_NAME = "$(TARGET_NAME)";
				SWIFT_VERSION = 3.0;
				TEST_TARGET_NAME = HelloTheWorld;
			};
			name = Release;
		};
/* End XCBuildConfiguration section */

/* Begin XCConfigurationList section */
		39C833C21E1CC61C00656727 /* Build configuration list for PBXProject "HelloTheWorld" */ = {
			isa = XCConfigurationList;
			buildConfigurations = (
				39C833ED1E1CC61D00656727 /* Debug */,
				39C833EE1E1CC61D00656727 /* Release */,
			);
			defaultConfigurationIsVisible = 0;
			defaultConfigurationName = Release;
		};
		39C833EF1E1CC61D00656727 /* Build configuration list for PBXNativeTarget "HelloTheWorld" */ = {
			isa = XCConfigurationList;
			buildConfigurations = (
				39C833F01E1CC61D00656727 /* Debug */,
				39C833F11E1CC61D00656727 /* Release */,
			);
			defaultConfigurationIsVisible = 0;
		};
		39C833F21E1CC61D00656727 /* Build configuration list for PBXNativeTarget "HelloTheWorldTests" */ = {
			isa = XCConfigurationList;
			buildConfigurations = (
				39C833F31E1CC61D00656727 /* Debug */,
				39C833F41E1CC61D00656727 /* Release */,
			);
			defaultConfigurationIsVisible = 0;
		};
		39C833F51E1CC61D00656727 /* Build configuration list for PBXNativeTarget "HelloTheWorldUITests" */ = {
			isa = XCConfigurationList;
			buildConfigurations = (
				39C833F61E1CC61D00656727 /* Debug */,
				39C833F71E1CC61D00656727 /* Release */,
			);
			defaultConfigurationIsVisible = 0;
		};
/* End XCConfigurationList section */
	};
	rootObject = 39C833BF1E1CC61C00656727 /* Project object */;
}
